
Microsoft Visual Studio Solution File, Format Version 12.00
# Visual Studio Version 17
VisualStudioVersion = 17.0.31903.59
MinimumVisualStudioVersion = 10.0.40219.1
Project("{FAE04EC0-301F-11D3-BF4B-00C04F79EFBC}") = "Algoriithms", "Algoriithms\Algoriithms.csproj", "{E4AA7F1F-3ACC-46D8-87E4-30AD11BB679F}"
EndProject
Project("{FAE04EC0-301F-11D3-BF4B-00C04F79EFBC}") = "Pfandautomaten", "Pfandautomaten\Pfandautomaten.csproj", "{6A0D4D79-2D1B-41EA-9490-553E89F83337}"
EndProject
Project("{FAE04EC0-301F-11D3-BF4B-00C04F79EFBC}") = "Todoinator", "Todoinator\Todoinator.csproj", "{B8D52AFA-F70A-4EC8-84AD-12ACF1400832}"
EndProject
Global
	GlobalSection(SolutionConfigurationPlatforms) = preSolution
		Debug|Any CPU = Debug|Any CPU
		Debug|x64 = Debug|x64
		Debug|x86 = Debug|x86
		Release|Any CPU = Release|Any CPU
		Release|x64 = Release|x64
		Release|x86 = Release|x86
	EndGlobalSection
	GlobalSection(ProjectConfigurationPlatforms) = postSolution
		{E4AA7F1F-3ACC-46D8-87E4-30AD11BB679F}.Debug|Any CPU.ActiveCfg = Debug|Any CPU
		{E4AA7F1F-3ACC-46D8-87E4-30AD11BB679F}.Debug|Any CPU.Build.0 = Debug|Any CPU
		{E4AA7F1F-3ACC-46D8-87E4-30AD11BB679F}.Debug|x64.ActiveCfg = Debug|Any CPU
		{E4AA7F1F-3ACC-46D8-87E4-30AD11BB679F}.Debug|x64.Build.0 = Debug|Any CPU
		{E4AA7F1F-3ACC-46D8-87E4-30AD11BB679F}.Debug|x86.ActiveCfg = Debug|Any CPU
		{E4AA7F1F-3ACC-46D8-87E4-30AD11BB679F}.Debug|x86.Build.0 = Debug|Any CPU
		{E4AA7F1F-3ACC-46D8-87E4-30AD11BB679F}.Release|Any CPU.ActiveCfg = Release|Any CPU
		{E4AA7F1F-3ACC-46D8-87E4-30AD11BB679F}.Release|Any CPU.Build.0 = Release|Any CPU
		{E4AA7F1F-3ACC-46D8-87E4-30AD11BB679F}.Release|x64.ActiveCfg = Release|Any CPU
		{E4AA7F1F-3ACC-46D8-87E4-30AD11BB679F}.Release|x64.Build.0 = Release|Any CPU
		{E4AA7F1F-3ACC-46D8-87E4-30AD11BB679F}.Release|x86.ActiveCfg = Release|Any CPU
		{E4AA7F1F-3ACC-46D8-87E4-30AD11BB679F}.Release|x86.Build.0 = Release|Any CPU
		{6A0D4D79-2D1B-41EA-9490-553E89F83337}.Debug|Any CPU.ActiveCfg = Debug|Any CPU
		{6A0D4D79-2D1B-41EA-9490-553E89F83337}.Debug|Any CPU.Build.0 = Debug|Any CPU
		{6A0D4D79-2D1B-41EA-9490-553E89F83337}.Debug|x64.ActiveCfg = Debug|Any CPU
		{6A0D4D79-2D1B-41EA-9490-553E89F83337}.Debug|x64.Build.0 = Debug|Any CPU
		{6A0D4D79-2D1B-41EA-9490-553E89F83337}.Debug|x86.ActiveCfg = Debug|Any CPU
		{6A0D4D79-2D1B-41EA-9490-553E89F83337}.Debug|x86.Build.0 = Debug|Any CPU
		{6A0D4D79-2D1B-41EA-9490-553E89F83337}.Release|Any CPU.ActiveCfg = Release|Any CPU
		{6A0D4D79-2D1B-41EA-9490-553E89F83337}.Release|Any CPU.Build.0 = Release|Any CPU
		{6A0D4D79-2D1B-41EA-9490-553E89F83337}.Release|x64.ActiveCfg = Release|Any CPU
		{6A0D4D79-2D1B-41EA-9490-553E89F83337}.Release|x64.Build.0 = Release|Any CPU
		{6A0D4D79-2D1B-41EA-9490-553E89F83337}.Release|x86.ActiveCfg = Release|Any CPU
		{6A0D4D79-2D1B-41EA-9490-553E89F83337}.Release|x86.Build.0 = Release|Any CPU
		{B8D52AFA-F70A-4EC8-84AD-12ACF1400832}.Debug|Any CPU.ActiveCfg = Debug|Any CPU
		{B8D52AFA-F70A-4EC8-84AD-12ACF1400832}.Debug|Any CPU.Build.0 = Debug|Any CPU
		{B8D52AFA-F70A-4EC8-84AD-12ACF1400832}.Debug|x64.ActiveCfg = Debug|Any CPU
		{B8D52AFA-F70A-4EC8-84AD-12ACF1400832}.Debug|x64.Build.0 = Debug|Any CPU
		{B8D52AFA-F70A-4EC8-84AD-12ACF1400832}.Debug|x86.ActiveCfg = Debug|Any CPU
		{B8D52AFA-F70A-4EC8-84AD-12ACF1400832}.Debug|x86.Build.0 = Debug|Any CPU
		{B8D52AFA-F70A-4EC8-84AD-12ACF1400832}.Release|Any CPU.ActiveCfg = Release|Any CPU
		{B8D52AFA-F70A-4EC8-84AD-12ACF1400832}.Release|Any CPU.Build.0 = Release|Any CPU
		{B8D52AFA-F70A-4EC8-84AD-12ACF1400832}.Release|x64.ActiveCfg = Release|Any CPU
		{B8D52AFA-F70A-4EC8-84AD-12ACF1400832}.Release|x64.Build.0 = Release|Any CPU
		{B8D52AFA-F70A-4EC8-84AD-12ACF1400832}.Release|x86.ActiveCfg = Release|Any CPU
		{B8D52AFA-F70A-4EC8-84AD-12ACF1400832}.Release|x86.Build.0 = Release|Any CPU
	EndGlobalSection
	GlobalSection(SolutionProperties) = preSolution
		HideSolutionNode = FALSE
	EndGlobalSection
EndGlobal
